
Microsoft Visual Studio Solution File, Format Version 12.00
# Visual Studio Version 16
VisualStudioVersion = 16.0.33130.400
MinimumVisualStudioVersion = 10.0.40219.1
Project("{FAE04EC0-301F-11D3-BF4B-00C04F79EFBC}") = "Amonica", "Amonica.csproj", "{0016BE5A-B545-4D08-9E23-1F795F9D160D}"
EndProject
Global
	GlobalSection(SolutionConfigurationPlatforms) = preSolution
		Debug|Any CPU = Debug|Any CPU
		Release|Any CPU = Release|Any CPU
	EndGlobalSection
	GlobalSection(ProjectConfigurationPlatforms) = postSolution
		{0016BE5A-B545-4D08-9E23-1F795F9D160D}.Debug|Any CPU.ActiveCfg = Debug|Any CPU
		{0016BE5A-B545-4D08-9E23-1F795F9D160D}.Debug|Any CPU.Build.0 = Debug|Any CPU
		{0016BE5A-B545-4D08-9E23-1F795F9D160D}.Release|Any CPU.ActiveCfg = Release|Any CPU
		{0016BE5A-B545-4D08-9E23-1F795F9D160D}.Release|Any CPU.Build.0 = Release|Any CPU
	EndGlobalSection
	GlobalSection(SolutionProperties) = preSolution
		HideSolutionNode = FALSE
	EndGlobalSection
	GlobalSection(ExtensibilityGlobals) = postSolution
		SolutionGuid = {0B85CB71-2280-4102-A133-0C932F11593A}
	EndGlobalSection
EndGlobal
